{
  "version": 4,
  "terraform_version": "1.7.4",
  "serial": 11,
  "lineage": "09aba3fc-a92a-20c1-1218-88f81b08d062",
  "outputs": {},
  "resources": [
    {
      "mode": "managed",
      "type": "azurerm_log_analytics_solution",
      "name": "sentinel_solution",
      "provider": "provider[\"registry.terraform.io/hashicorp/azurerm\"]",
      "instances": [
        {
          "schema_version": 1,
          "attributes": {
            "id": "/subscriptions/30a9ff1c-2635-4c1a-a335-9c6ed6099fd4/resourceGroups/rgterraform/providers/Microsoft.OperationsManagement/solutions/SecurityInsights(terraformworkspace)",
            "location": "eastus",
            "plan": [
              {
                "name": "SecurityInsights(terraformworkspace)",
                "product": "OMSGallery/SecurityInsights",
                "promotion_code": "",
                "publisher": "Microsoft"
              }
            ],
            "resource_group_name": "rgterraform",
            "solution_name": "SecurityInsights",
            "tags": null,
            "timeouts": null,
            "workspace_name": "terraformworkspace",
            "workspace_resource_id": "/subscriptions/30a9ff1c-2635-4c1a-a335-9c6ed6099fd4/resourceGroups/rgterraform/providers/Microsoft.OperationalInsights/workspaces/terraformworkspace"
          },
          "sensitive_attributes": [],
          "private": "eyJlMmJmYjczMC1lY2FhLTExZTYtOGY4OC0zNDM2M2JjN2M0YzAiOnsiY3JlYXRlIjoxODAwMDAwMDAwMDAwLCJkZWxldGUiOjE4MDAwMDAwMDAwMDAsInJlYWQiOjMwMDAwMDAwMDAwMCwidXBkYXRlIjoxODAwMDAwMDAwMDAwfSwic2NoZW1hX3ZlcnNpb24iOiIxIn0=",
          "dependencies": [
            "azurerm_log_analytics_workspace.sentinel_laws",
            "azurerm_resource_group.sentinel_rg"
          ]
        }
      ]
    },
    {
      "mode": "managed",
      "type": "azurerm_log_analytics_workspace",
      "name": "sentinel_laws",
      "provider": "provider[\"registry.terraform.io/hashicorp/azurerm\"]",
      "instances": [
        {
          "schema_version": 3,
          "attributes": {
            "allow_resource_only_permissions": true,
            "cmk_for_query_forced": false,
            "daily_quota_gb": -1,
            "data_collection_rule_id": "",
            "id": "/subscriptions/30a9ff1c-2635-4c1a-a335-9c6ed6099fd4/resourceGroups/rgterraform/providers/Microsoft.OperationalInsights/workspaces/terraformworkspace",
            "identity": [],
            "immediate_data_purge_on_30_days_enabled": false,
            "internet_ingestion_enabled": true,
            "internet_query_enabled": true,
            "local_authentication_disabled": false,
            "location": "eastus",
            "name": "terraformworkspace",
            "primary_shared_key": "V3bLgDfJEiip3s/uhAou9eW68xWKVPxq8F8FaUYtIVQo9IAdzo8OA8hZXey9q6ZDBA+lxwJpupkljBeC17yXXQ==",
            "reservation_capacity_in_gb_per_day": null,
            "resource_group_name": "rgterraform",
            "retention_in_days": 30,
            "secondary_shared_key": "2cDtvP4twc7dHJqNnj5TUpK95cqHDFhlVUEtyS6p9KcUJgut4IdE+VoaGd2Oq97QWo++LWEcQi+V7h/gQFDVRA==",
            "sku": "PerGB2018",
            "tags": null,
            "timeouts": null,
            "workspace_id": "9c11b1a8-e2fc-417e-b334-8f6551f04d38"
          },
          "sensitive_attributes": [],
          "private": "eyJlMmJmYjczMC1lY2FhLTExZTYtOGY4OC0zNDM2M2JjN2M0YzAiOnsiY3JlYXRlIjoxODAwMDAwMDAwMDAwLCJkZWxldGUiOjE4MDAwMDAwMDAwMDAsInJlYWQiOjMwMDAwMDAwMDAwMCwidXBkYXRlIjoxODAwMDAwMDAwMDAwfSwic2NoZW1hX3ZlcnNpb24iOiIzIn0=",
          "dependencies": [
            "azurerm_resource_group.sentinel_rg"
          ]
        }
      ]
    },
    {
      "mode": "managed",
      "type": "azurerm_resource_group",
      "name": "sentinel_rg",
      "provider": "provider[\"registry.terraform.io/hashicorp/azurerm\"]",
      "instances": [
        {
          "schema_version": 0,
          "attributes": {
            "id": "/subscriptions/30a9ff1c-2635-4c1a-a335-9c6ed6099fd4/resourceGroups/rgterraform",
            "location": "eastus",
            "managed_by": "",
            "name": "rgterraform",
            "tags": null,
            "timeouts": null
          },
          "sensitive_attributes": [],
          "private": "eyJlMmJmYjczMC1lY2FhLTExZTYtOGY4OC0zNDM2M2JjN2M0YzAiOnsiY3JlYXRlIjo1NDAwMDAwMDAwMDAwLCJkZWxldGUiOjU0MDAwMDAwMDAwMDAsInJlYWQiOjMwMDAwMDAwMDAwMCwidXBkYXRlIjo1NDAwMDAwMDAwMDAwfX0="
        }
      ]
    }
  ],
  "check_results": [
    {
      "object_kind": "var",
      "config_addr": "var.location",
      "status": "pass",
      "objects": [
        {
          "object_addr": "var.location",
          "status": "pass"
        }
      ]
    }
  ]
}
