{
  "version": 4,
  "terraform_version": "1.7.4",
  "serial": 14,
  "lineage": "09aba3fc-a92a-20c1-1218-88f81b08d062",
  "outputs": {},
  "resources": [
    {
      "mode": "managed",
      "type": "azurerm_management_group",
      "name": "example_mgmt_group",
      "provider": "provider[\"registry.terraform.io/hashicorp/azurerm\"]",
      "instances": [
        {
          "schema_version": 0,
          "attributes": {
            "display_name": "Terraform Management Group",
            "id": "/providers/Microsoft.Management/managementGroups/terramgmt",
            "name": "terramgmt",
            "parent_management_group_id": "/providers/Microsoft.Management/managementGroups/9ebe43a6-7eef-4335-a4dc-de9324cb2b2c",
            "subscription_ids": [],
            "timeouts": null
          },
          "sensitive_attributes": [],
          "private": "eyJlMmJmYjczMC1lY2FhLTExZTYtOGY4OC0zNDM2M2JjN2M0YzAiOnsiY3JlYXRlIjoxODAwMDAwMDAwMDAwLCJkZWxldGUiOjE4MDAwMDAwMDAwMDAsInJlYWQiOjMwMDAwMDAwMDAwMCwidXBkYXRlIjoxODAwMDAwMDAwMDAwfX0="
        }
      ]
    },
    {
      "mode": "managed",
      "type": "azurerm_management_group_subscription_association",
      "name": "example_association",
      "provider": "provider[\"registry.terraform.io/hashicorp/azurerm\"]",
      "instances": [
        {
          "schema_version": 0,
          "attributes": {
            "id": "/managementGroup/terramgmt/subscription/30a9ff1c-2635-4c1a-a335-9c6ed6099fd4",
            "management_group_id": "/providers/Microsoft.Management/managementGroups/terramgmt",
            "subscription_id": "/subscriptions/30a9ff1c-2635-4c1a-a335-9c6ed6099fd4",
            "timeouts": null
          },
          "sensitive_attributes": [],
          "private": "eyJlMmJmYjczMC1lY2FhLTExZTYtOGY4OC0zNDM2M2JjN2M0YzAiOnsiY3JlYXRlIjozMDAwMDAwMDAwMDAsImRlbGV0ZSI6MzAwMDAwMDAwMDAwLCJyZWFkIjozMDAwMDAwMDAwMDB9fQ==",
          "dependencies": [
            "azurerm_management_group.example_mgmt_group"
          ]
        }
      ]
    },
    {
      "mode": "managed",
      "type": "azurerm_resource_group",
      "name": "sentinel_rg",
      "provider": "provider[\"registry.terraform.io/hashicorp/azurerm\"]",
      "instances": [
        {
          "schema_version": 0,
          "attributes": {
            "id": "/subscriptions/30a9ff1c-2635-4c1a-a335-9c6ed6099fd4/resourceGroups/rgterraform",
            "location": "eastus",
            "managed_by": "",
            "name": "rgterraform",
            "tags": {},
            "timeouts": null
          },
          "sensitive_attributes": [],
          "private": "eyJlMmJmYjczMC1lY2FhLTExZTYtOGY4OC0zNDM2M2JjN2M0YzAiOnsiY3JlYXRlIjo1NDAwMDAwMDAwMDAwLCJkZWxldGUiOjU0MDAwMDAwMDAwMDAsInJlYWQiOjMwMDAwMDAwMDAwMCwidXBkYXRlIjo1NDAwMDAwMDAwMDAwfX0="
        }
      ]
    }
  ],
  "check_results": [
    {
      "object_kind": "var",
      "config_addr": "var.location",
      "status": "pass",
      "objects": [
        {
          "object_addr": "var.location",
          "status": "pass"
        }
      ]
    }
  ]
}
